{
  "nodes": {
    "crane": {
      "inputs": {
        "flake-compat": "flake-compat",
        "flake-utils": [
          "helix",
          "flake-utils"
        ],
        "nixpkgs": [
          "helix",
          "nixpkgs"
        ],
        "rust-overlay": [
          "helix",
          "rust-overlay"
        ]
      },
      "locked": {
        "lastModified": 1688772518,
        "narHash": "sha256-ol7gZxwvgLnxNSZwFTDJJ49xVY5teaSvF7lzlo3YQfM=",
        "owner": "ipetkov",
        "repo": "crane",
        "rev": "8b08e96c9af8c6e3a2b69af5a7fa168750fcf88e",
        "type": "github"
      },
      "original": {
        "owner": "ipetkov",
        "repo": "crane",
        "type": "github"
      }
    },
    "darwin": {
      "inputs": {
        "nixpkgs": [
          "nixpkgs"
        ]
      },
      "locked": {
        "lastModified": 1698429334,
        "narHash": "sha256-Gq3+QabboczSu7RMpcy79RSLMSqnySO3wsnHQk4DfbE=",
        "owner": "LnL7",
        "repo": "nix-darwin",
        "rev": "afe83cbc2e673b1f08d32dd0f70df599678ff1e7",
        "type": "github"
      },
      "original": {
        "owner": "LnL7",
        "ref": "master",
        "repo": "nix-darwin",
        "type": "github"
      }
    },
    "fish-tide": {
      "flake": false,
      "locked": {
        "lastModified": 1697305267,
        "narHash": "sha256-WA+4JOcbQncy52iSe7Tp4KeFbrQKV+5nFJYRoQbfsvs=",
        "owner": "IlanCosman",
        "repo": "tide",
        "rev": "96635fbfd3448ca2a7bead773537e91e86913614",
        "type": "github"
      },
      "original": {
        "owner": "IlanCosman",
        "repo": "tide",
        "type": "github"
      }
    },
    "flake-compat": {
      "flake": false,
      "locked": {
        "lastModified": 1673956053,
        "narHash": "sha256-4gtG9iQuiKITOjNQQeQIpoIB6b16fm+504Ch3sNKLd8=",
        "owner": "edolstra",
        "repo": "flake-compat",
        "rev": "35bb57c0c8d8b62bbfd284272c928ceb64ddbde9",
        "type": "github"
      },
      "original": {
        "owner": "edolstra",
        "repo": "flake-compat",
        "type": "github"
      }
    },
    "flake-compat_2": {
      "flake": false,
      "locked": {
        "lastModified": 1696426674,
        "narHash": "sha256-kvjfFW7WAETZlt09AgDn1MrtKzP7t90Vf7vypd3OL1U=",
        "owner": "edolstra",
        "repo": "flake-compat",
        "rev": "0f9255e01c2351cc7d116c072cb317785dd33b33",
        "type": "github"
      },
      "original": {
        "owner": "edolstra",
        "repo": "flake-compat",
        "type": "github"
      }
    },
    "flake-utils": {
      "inputs": {
        "systems": "systems"
      },
      "locked": {
        "lastModified": 1694529238,
        "narHash": "sha256-zsNZZGTGnMOf9YpHKJqMSsa0dXbfmxeoJ7xHlrt+xmY=",
        "owner": "numtide",
        "repo": "flake-utils",
        "rev": "ff7b65b44d01cf9ba6a71320833626af21126384",
        "type": "github"
      },
      "original": {
        "owner": "numtide",
        "repo": "flake-utils",
        "type": "github"
      }
    },
    "flake-utils_2": {
      "inputs": {
        "systems": "systems_2"
      },
      "locked": {
        "lastModified": 1689068808,
        "narHash": "sha256-6ixXo3wt24N/melDWjq70UuHQLxGV8jZvooRanIHXw0=",
        "owner": "numtide",
        "repo": "flake-utils",
        "rev": "919d646de7be200f3bf08cb76ae1f09402b6f9b4",
        "type": "github"
      },
      "original": {
        "owner": "numtide",
        "repo": "flake-utils",
        "type": "github"
      }
    },
    "flake-utils_3": {
      "inputs": {
        "systems": "systems_3"
      },
      "locked": {
        "lastModified": 1694529238,
        "narHash": "sha256-zsNZZGTGnMOf9YpHKJqMSsa0dXbfmxeoJ7xHlrt+xmY=",
        "owner": "numtide",
        "repo": "flake-utils",
        "rev": "ff7b65b44d01cf9ba6a71320833626af21126384",
        "type": "github"
      },
      "original": {
        "owner": "numtide",
        "repo": "flake-utils",
        "type": "github"
      }
    },
    "ghostty": {
      "locked": {
        "lastModified": 1695482156,
        "narHash": "sha256-PFyViLT7eCi/jN6fZ9kFUZF4mYye9Mplm/SEwhUvCDM=",
        "owner": "clo4",
        "repo": "ghostty-hm-module",
        "rev": "3ccb4b02eb84316e7ccbf007a6e29495f7e6bee4",
        "type": "github"
      },
      "original": {
        "owner": "clo4",
        "repo": "ghostty-hm-module",
        "type": "github"
      }
    },
    "helix": {
      "inputs": {
        "crane": "crane",
        "flake-utils": "flake-utils_2",
        "nixpkgs": [
          "nixpkgs"
        ],
        "rust-overlay": "rust-overlay"
      },
      "locked": {
        "lastModified": 1698625686,
        "narHash": "sha256-T/udExsKU7YsdQLXW4QvUbamj3gf4wbDXusMGY0fkis=",
        "owner": "helix-editor",
        "repo": "helix",
        "rev": "992b7a0c395b5c43e2fd4f6eee38bed8dda9721a",
        "type": "github"
      },
      "original": {
        "owner": "helix-editor",
        "repo": "helix",
        "type": "github"
      }
    },
    "home-manager": {
      "inputs": {
        "nixpkgs": [
          "nixpkgs"
        ]
      },
      "locked": {
        "lastModified": 1698670511,
        "narHash": "sha256-jQIu3UhBMPHXzVkHQO1O2gg8SVo5lqAVoC6mOaLQcLQ=",
        "owner": "nix-community",
        "repo": "home-manager",
        "rev": "8e5416b478e465985eec274bc3a018024435c106",
        "type": "github"
      },
      "original": {
        "owner": "nix-community",
        "ref": "master",
        "repo": "home-manager",
        "type": "github"
      }
    },
    "iTerm2-color-schemes": {
      "flake": false,
      "locked": {
        "lastModified": 1695224729,
        "narHash": "sha256-+5TwCTiOAmzp+KhJzoBBrySNiCDF3SXIqYehC1PpRCA=",
        "owner": "clo4",
        "repo": "iTerm2-Color-Schemes",
        "rev": "8604b90ed44f301fe6cd79280fb1db4576f4c6ad",
        "type": "github"
      },
      "original": {
        "owner": "clo4",
        "ref": "ghostty",
        "repo": "iTerm2-Color-Schemes",
        "type": "github"
      }
    },
    "nixos-wsl": {
      "inputs": {
        "flake-compat": "flake-compat_2",
        "flake-utils": "flake-utils_3",
        "nixpkgs": [
          "nixpkgs"
        ]
      },
      "locked": {
        "lastModified": 1698222534,
        "narHash": "sha256-iF9C7C7eT8LVVWx5IOZ/8KKJT8AIw9A5aBA6vqS18l8=",
        "owner": "nix-community",
        "repo": "NixOS-WSL",
        "rev": "a058cff4b09b3a398d8caa379b4dc96cfedd98c9",
        "type": "github"
      },
      "original": {
        "owner": "nix-community",
        "ref": "main",
        "repo": "NixOS-WSL",
        "type": "github"
      }
    },
    "nixpkgs": {
      "locked": {
        "lastModified": 1698318101,
        "narHash": "sha256-gUihHt3yPD7bVqg+k/UVHgngyaJ3DMEBchbymBMvK1E=",
        "owner": "nixos",
        "repo": "nixpkgs",
        "rev": "63678e9f3d3afecfeafa0acead6239cdb447574c",
        "type": "github"
      },
      "original": {
        "owner": "nixos",
        "ref": "nixos-unstable",
        "repo": "nixpkgs",
        "type": "github"
      }
    },
    "root": {
      "inputs": {
        "darwin": "darwin",
        "fish-tide": "fish-tide",
        "flake-utils": "flake-utils",
        "ghostty": "ghostty",
        "helix": "helix",
        "home-manager": "home-manager",
        "iTerm2-color-schemes": "iTerm2-color-schemes",
        "nixos-wsl": "nixos-wsl",
        "nixpkgs": "nixpkgs",
        "skyrocket-spoon": "skyrocket-spoon",
        "tldr-pages": "tldr-pages"
      }
    },
    "rust-overlay": {
      "inputs": {
        "flake-utils": [
          "helix",
          "flake-utils"
        ],
        "nixpkgs": [
          "helix",
          "nixpkgs"
        ]
      },
      "locked": {
        "lastModified": 1690424156,
        "narHash": "sha256-Bpml+L280tHTQpwpC5/BJbU4HSvEzMvW8IZ4gAXimhE=",
        "owner": "oxalica",
        "repo": "rust-overlay",
        "rev": "f335a0213504c7e6481c359dc1009be9cf34432c",
        "type": "github"
      },
      "original": {
        "owner": "oxalica",
        "repo": "rust-overlay",
        "type": "github"
      }
    },
    "skyrocket-spoon": {
      "flake": false,
      "locked": {
        "lastModified": 1694261363,
        "narHash": "sha256-DwYcNRQ9eTAfvhyLA+ZMC2G3NNQDkXsOQhZMt9wMtAE=",
        "owner": "clo4",
        "repo": "SkyRocket.spoon",
        "rev": "8bc5a1da5a7d54e4bb89bd9402bef11fdeb82342",
        "type": "github"
      },
      "original": {
        "owner": "clo4",
        "repo": "SkyRocket.spoon",
        "type": "github"
      }
    },
    "systems": {
      "locked": {
        "lastModified": 1681028828,
        "narHash": "sha256-Vy1rq5AaRuLzOxct8nz4T6wlgyUR7zLU309k9mBC768=",
        "owner": "nix-systems",
        "repo": "default",
        "rev": "da67096a3b9bf56a91d16901293e51ba5b49a27e",
        "type": "github"
      },
      "original": {
        "owner": "nix-systems",
        "repo": "default",
        "type": "github"
      }
    },
    "systems_2": {
      "locked": {
        "lastModified": 1681028828,
        "narHash": "sha256-Vy1rq5AaRuLzOxct8nz4T6wlgyUR7zLU309k9mBC768=",
        "owner": "nix-systems",
        "repo": "default",
        "rev": "da67096a3b9bf56a91d16901293e51ba5b49a27e",
        "type": "github"
      },
      "original": {
        "owner": "nix-systems",
        "repo": "default",
        "type": "github"
      }
    },
    "systems_3": {
      "locked": {
        "lastModified": 1681028828,
        "narHash": "sha256-Vy1rq5AaRuLzOxct8nz4T6wlgyUR7zLU309k9mBC768=",
        "owner": "nix-systems",
        "repo": "default",
        "rev": "da67096a3b9bf56a91d16901293e51ba5b49a27e",
        "type": "github"
      },
      "original": {
        "owner": "nix-systems",
        "repo": "default",
        "type": "github"
      }
    },
    "tldr-pages": {
      "flake": false,
      "locked": {
        "lastModified": 1698665292,
        "narHash": "sha256-UyW1yuE+XgUQk6+mQWZNAoxUYkFNQEr0wzXQNfuJqZ0=",
        "owner": "tldr-pages",
        "repo": "tldr",
        "rev": "ad98df158f9ca3d997c4395abe804c40df3ea5ae",
        "type": "github"
      },
      "original": {
        "owner": "tldr-pages",
        "repo": "tldr",
        "type": "github"
      }
    }
  },
  "root": "root",
  "version": 7
}
